
Microsoft Visual Studio Solution File, Format Version 12.00
# Visual Studio Version 17
VisualStudioVersion = 17.8.34309.116
MinimumVisualStudioVersion = 10.0.40219.1
Project("{9A19103F-16F7-4668-BE54-9A1E7A4F7556}") = "Imato.Logger.Extensions", "Imato.Logger.Extensions\Imato.Logger.Extensions.csproj", "{B397C52A-FB41-4959-B9A7-D151C204C67A}"
EndProject
Global
	GlobalSection(SolutionConfigurationPlatforms) = preSolution
		Debug|Any CPU = Debug|Any CPU
		Release|Any CPU = Release|Any CPU
	EndGlobalSection
	GlobalSection(ProjectConfigurationPlatforms) = postSolution
		{B397C52A-FB41-4959-B9A7-D151C204C67A}.Debug|Any CPU.ActiveCfg = Debug|Any CPU
		{B397C52A-FB41-4959-B9A7-D151C204C67A}.Debug|Any CPU.Build.0 = Debug|Any CPU
		{B397C52A-FB41-4959-B9A7-D151C204C67A}.Release|Any CPU.ActiveCfg = Release|Any CPU
		{B397C52A-FB41-4959-B9A7-D151C204C67A}.Release|Any CPU.Build.0 = Release|Any CPU
	EndGlobalSection
	GlobalSection(SolutionProperties) = preSolution
		HideSolutionNode = FALSE
	EndGlobalSection
	GlobalSection(ExtensibilityGlobals) = postSolution
		SolutionGuid = {EB828956-BD16-42C0-B373-D7AAEA5B091C}
	EndGlobalSection
EndGlobal
